
Microsoft Visual Studio Solution File, Format Version 12.00
# Visual Studio 15
VisualStudioVersion = 15.0.27703.2018
MinimumVisualStudioVersion = 10.0.40219.1
Project("{FAE04EC0-301F-11D3-BF4B-00C04F79EFBC}") = "1. Rhombus of Stars", "1. Rhombus of Stars\1. Rhombus of Stars.csproj", "{1134F4DA-40C4-48BC-81D3-F826B9EE22DA}"
EndProject
Project("{FAE04EC0-301F-11D3-BF4B-00C04F79EFBC}") = "2. Point in Rectangle", "2. Point in Rectangle\2. Point in Rectangle.csproj", "{7DBB6EF1-5F80-4D6A-BE07-92EE6FCFA8F5}"
EndProject
Project("{FAE04EC0-301F-11D3-BF4B-00C04F79EFBC}") = "3. Student System", "3. Student System\3. Student System.csproj", "{34C537B5-D0E8-4F52-B810-811CF405C340}"
EndProject
Project("{FAE04EC0-301F-11D3-BF4B-00C04F79EFBC}") = "4. Hotel Reservation", "4. Hotel Reservation\4. Hotel Reservation.csproj", "{A1161EB7-B9A2-4ECC-8FD3-B5655A96E762}"
EndProject
Global
	GlobalSection(SolutionConfigurationPlatforms) = preSolution
		Debug|Any CPU = Debug|Any CPU
		Release|Any CPU = Release|Any CPU
	EndGlobalSection
	GlobalSection(ProjectConfigurationPlatforms) = postSolution
		{1134F4DA-40C4-48BC-81D3-F826B9EE22DA}.Debug|Any CPU.ActiveCfg = Debug|Any CPU
		{1134F4DA-40C4-48BC-81D3-F826B9EE22DA}.Debug|Any CPU.Build.0 = Debug|Any CPU
		{1134F4DA-40C4-48BC-81D3-F826B9EE22DA}.Release|Any CPU.ActiveCfg = Release|Any CPU
		{1134F4DA-40C4-48BC-81D3-F826B9EE22DA}.Release|Any CPU.Build.0 = Release|Any CPU
		{7DBB6EF1-5F80-4D6A-BE07-92EE6FCFA8F5}.Debug|Any CPU.ActiveCfg = Debug|Any CPU
		{7DBB6EF1-5F80-4D6A-BE07-92EE6FCFA8F5}.Debug|Any CPU.Build.0 = Debug|Any CPU
		{7DBB6EF1-5F80-4D6A-BE07-92EE6FCFA8F5}.Release|Any CPU.ActiveCfg = Release|Any CPU
		{7DBB6EF1-5F80-4D6A-BE07-92EE6FCFA8F5}.Release|Any CPU.Build.0 = Release|Any CPU
		{34C537B5-D0E8-4F52-B810-811CF405C340}.Debug|Any CPU.ActiveCfg = Debug|Any CPU
		{34C537B5-D0E8-4F52-B810-811CF405C340}.Debug|Any CPU.Build.0 = Debug|Any CPU
		{34C537B5-D0E8-4F52-B810-811CF405C340}.Release|Any CPU.ActiveCfg = Release|Any CPU
		{34C537B5-D0E8-4F52-B810-811CF405C340}.Release|Any CPU.Build.0 = Release|Any CPU
		{A1161EB7-B9A2-4ECC-8FD3-B5655A96E762}.Debug|Any CPU.ActiveCfg = Debug|Any CPU
		{A1161EB7-B9A2-4ECC-8FD3-B5655A96E762}.Debug|Any CPU.Build.0 = Debug|Any CPU
		{A1161EB7-B9A2-4ECC-8FD3-B5655A96E762}.Release|Any CPU.ActiveCfg = Release|Any CPU
		{A1161EB7-B9A2-4ECC-8FD3-B5655A96E762}.Release|Any CPU.Build.0 = Release|Any CPU
	EndGlobalSection
	GlobalSection(SolutionProperties) = preSolution
		HideSolutionNode = FALSE
	EndGlobalSection
	GlobalSection(ExtensibilityGlobals) = postSolution
		SolutionGuid = {EB98F590-156E-4ED8-8765-CD727D62D2EB}
	EndGlobalSection
EndGlobal
