
Microsoft Visual Studio Solution File, Format Version 12.00
# Visual Studio 15
VisualStudioVersion = 15.0.27703.2018
MinimumVisualStudioVersion = 10.0.40219.1
Project("{FAE04EC0-301F-11D3-BF4B-00C04F79EFBC}") = "01. SoftUni Reception", "01. SoftUni Reception\01. SoftUni Reception.csproj", "{2890B8D2-72BB-4290-8353-01445EC87FC0}"
EndProject
Project("{FAE04EC0-301F-11D3-BF4B-00C04F79EFBC}") = "02. SoftUni Course Planning", "02. SoftUni Course Planning\02. SoftUni Course Planning.csproj", "{1890603B-E105-4472-A59D-4D6FFA5964D9}"
EndProject
Project("{FAE04EC0-301F-11D3-BF4B-00C04F79EFBC}") = "04. SoftUni Exam Results", "04. SoftUni Exam Results\04. SoftUni Exam Results.csproj", "{ECA9F748-128F-4BB8-8127-DE16A88F497A}"
EndProject
Project("{FAE04EC0-301F-11D3-BF4B-00C04F79EFBC}") = "03. SoftUni Bar Income", "03. SoftUni Bar Income\03. SoftUni Bar Income.csproj", "{43744255-6CF5-4423-B7BD-B29F9FB84E28}"
EndProject
Global
	GlobalSection(SolutionConfigurationPlatforms) = preSolution
		Debug|Any CPU = Debug|Any CPU
		Release|Any CPU = Release|Any CPU
	EndGlobalSection
	GlobalSection(ProjectConfigurationPlatforms) = postSolution
		{2890B8D2-72BB-4290-8353-01445EC87FC0}.Debug|Any CPU.ActiveCfg = Debug|Any CPU
		{2890B8D2-72BB-4290-8353-01445EC87FC0}.Debug|Any CPU.Build.0 = Debug|Any CPU
		{2890B8D2-72BB-4290-8353-01445EC87FC0}.Release|Any CPU.ActiveCfg = Release|Any CPU
		{2890B8D2-72BB-4290-8353-01445EC87FC0}.Release|Any CPU.Build.0 = Release|Any CPU
		{1890603B-E105-4472-A59D-4D6FFA5964D9}.Debug|Any CPU.ActiveCfg = Debug|Any CPU
		{1890603B-E105-4472-A59D-4D6FFA5964D9}.Debug|Any CPU.Build.0 = Debug|Any CPU
		{1890603B-E105-4472-A59D-4D6FFA5964D9}.Release|Any CPU.ActiveCfg = Release|Any CPU
		{1890603B-E105-4472-A59D-4D6FFA5964D9}.Release|Any CPU.Build.0 = Release|Any CPU
		{ECA9F748-128F-4BB8-8127-DE16A88F497A}.Debug|Any CPU.ActiveCfg = Debug|Any CPU
		{ECA9F748-128F-4BB8-8127-DE16A88F497A}.Debug|Any CPU.Build.0 = Debug|Any CPU
		{ECA9F748-128F-4BB8-8127-DE16A88F497A}.Release|Any CPU.ActiveCfg = Release|Any CPU
		{ECA9F748-128F-4BB8-8127-DE16A88F497A}.Release|Any CPU.Build.0 = Release|Any CPU
		{43744255-6CF5-4423-B7BD-B29F9FB84E28}.Debug|Any CPU.ActiveCfg = Debug|Any CPU
		{43744255-6CF5-4423-B7BD-B29F9FB84E28}.Debug|Any CPU.Build.0 = Debug|Any CPU
		{43744255-6CF5-4423-B7BD-B29F9FB84E28}.Release|Any CPU.ActiveCfg = Release|Any CPU
		{43744255-6CF5-4423-B7BD-B29F9FB84E28}.Release|Any CPU.Build.0 = Release|Any CPU
	EndGlobalSection
	GlobalSection(SolutionProperties) = preSolution
		HideSolutionNode = FALSE
	EndGlobalSection
	GlobalSection(ExtensibilityGlobals) = postSolution
		SolutionGuid = {F7422B94-802B-48B8-BF36-4FCB1852404D}
	EndGlobalSection
EndGlobal
