
Microsoft Visual Studio Solution File, Format Version 12.00
# Visual Studio 15
VisualStudioVersion = 15.0.27703.2018
MinimumVisualStudioVersion = 10.0.40219.1
Project("{FAE04EC0-301F-11D3-BF4B-00C04F79EFBC}") = "01. Sort Even Numbers", "01. Sort Even Numbers\01. Sort Even Numbers.csproj", "{5D052179-1AE6-44F7-9040-D5507A8541D7}"
EndProject
Project("{FAE04EC0-301F-11D3-BF4B-00C04F79EFBC}") = "02. Sum Numbers", "02. Sum Numbers\02. Sum Numbers.csproj", "{FC94EC38-F61C-4004-B854-0C8249ADAC15}"
EndProject
Project("{FAE04EC0-301F-11D3-BF4B-00C04F79EFBC}") = "03. Count Uppercase Words", "03. Count Uppercase Words\03. Count Uppercase Words.csproj", "{BF11BC20-0268-4FD3-8C89-4ED3A59AE571}"
EndProject
Project("{FAE04EC0-301F-11D3-BF4B-00C04F79EFBC}") = "04. Add VAT", "04. Add VAT\04. Add VAT.csproj", "{2B8AB0DC-1F63-4040-8615-2D43392E4791}"
EndProject
Project("{FAE04EC0-301F-11D3-BF4B-00C04F79EFBC}") = "05. Filter By Age", "05. Filter By Age\05. Filter By Age.csproj", "{2884C0DF-F49A-49B9-8E7D-FB48C32BCE51}"
EndProject
Global
	GlobalSection(SolutionConfigurationPlatforms) = preSolution
		Debug|Any CPU = Debug|Any CPU
		Release|Any CPU = Release|Any CPU
	EndGlobalSection
	GlobalSection(ProjectConfigurationPlatforms) = postSolution
		{5D052179-1AE6-44F7-9040-D5507A8541D7}.Debug|Any CPU.ActiveCfg = Debug|Any CPU
		{5D052179-1AE6-44F7-9040-D5507A8541D7}.Debug|Any CPU.Build.0 = Debug|Any CPU
		{5D052179-1AE6-44F7-9040-D5507A8541D7}.Release|Any CPU.ActiveCfg = Release|Any CPU
		{5D052179-1AE6-44F7-9040-D5507A8541D7}.Release|Any CPU.Build.0 = Release|Any CPU
		{FC94EC38-F61C-4004-B854-0C8249ADAC15}.Debug|Any CPU.ActiveCfg = Debug|Any CPU
		{FC94EC38-F61C-4004-B854-0C8249ADAC15}.Debug|Any CPU.Build.0 = Debug|Any CPU
		{FC94EC38-F61C-4004-B854-0C8249ADAC15}.Release|Any CPU.ActiveCfg = Release|Any CPU
		{FC94EC38-F61C-4004-B854-0C8249ADAC15}.Release|Any CPU.Build.0 = Release|Any CPU
		{BF11BC20-0268-4FD3-8C89-4ED3A59AE571}.Debug|Any CPU.ActiveCfg = Debug|Any CPU
		{BF11BC20-0268-4FD3-8C89-4ED3A59AE571}.Debug|Any CPU.Build.0 = Debug|Any CPU
		{BF11BC20-0268-4FD3-8C89-4ED3A59AE571}.Release|Any CPU.ActiveCfg = Release|Any CPU
		{BF11BC20-0268-4FD3-8C89-4ED3A59AE571}.Release|Any CPU.Build.0 = Release|Any CPU
		{2B8AB0DC-1F63-4040-8615-2D43392E4791}.Debug|Any CPU.ActiveCfg = Debug|Any CPU
		{2B8AB0DC-1F63-4040-8615-2D43392E4791}.Debug|Any CPU.Build.0 = Debug|Any CPU
		{2B8AB0DC-1F63-4040-8615-2D43392E4791}.Release|Any CPU.ActiveCfg = Release|Any CPU
		{2B8AB0DC-1F63-4040-8615-2D43392E4791}.Release|Any CPU.Build.0 = Release|Any CPU
		{2884C0DF-F49A-49B9-8E7D-FB48C32BCE51}.Debug|Any CPU.ActiveCfg = Debug|Any CPU
		{2884C0DF-F49A-49B9-8E7D-FB48C32BCE51}.Debug|Any CPU.Build.0 = Debug|Any CPU
		{2884C0DF-F49A-49B9-8E7D-FB48C32BCE51}.Release|Any CPU.ActiveCfg = Release|Any CPU
		{2884C0DF-F49A-49B9-8E7D-FB48C32BCE51}.Release|Any CPU.Build.0 = Release|Any CPU
	EndGlobalSection
	GlobalSection(SolutionProperties) = preSolution
		HideSolutionNode = FALSE
	EndGlobalSection
	GlobalSection(ExtensibilityGlobals) = postSolution
		SolutionGuid = {B9317000-4E68-4CC3-9F82-BB4237AB483A}
	EndGlobalSection
EndGlobal
