
Microsoft Visual Studio Solution File, Format Version 12.00
# Visual Studio 15
VisualStudioVersion = 15.0.27703.2018
MinimumVisualStudioVersion = 10.0.40219.1
Project("{FAE04EC0-301F-11D3-BF4B-00C04F79EFBC}") = "01. Class Box", "01. Class Box\01. Class Box.csproj", "{91943C48-0722-4699-ACFB-2AB16EC19F5C}"
EndProject
Project("{FAE04EC0-301F-11D3-BF4B-00C04F79EFBC}") = "02. Class Box Data Validation", "02. Class Box Data Validation\02. Class Box Data Validation.csproj", "{2F6257A8-6408-40EA-AB5D-5DB375BD7B6D}"
EndProject
Project("{FAE04EC0-301F-11D3-BF4B-00C04F79EFBC}") = "03. Animal Farm", "03. Animal Farm\03. Animal Farm.csproj", "{FAFE60B9-4674-46F7-B730-1CC2AD26264D}"
EndProject
Project("{FAE04EC0-301F-11D3-BF4B-00C04F79EFBC}") = "04. Shopping Spree", "04. Shopping Spree\04. Shopping Spree.csproj", "{F257FDDE-E402-4F2B-8C8E-702A184001EB}"
EndProject
Project("{FAE04EC0-301F-11D3-BF4B-00C04F79EFBC}") = "05. Pizza Calories", "05. Pizza Calories\05. Pizza Calories.csproj", "{951D2768-F5B0-42E6-BD01-BBFE35B03119}"
EndProject
Project("{FAE04EC0-301F-11D3-BF4B-00C04F79EFBC}") = "06. Football Team Generator", "06. Football Team Generator\06. Football Team Generator.csproj", "{C0ADBB65-A0B0-4BD6-B6F7-39C91544E1D0}"
EndProject
Global
	GlobalSection(SolutionConfigurationPlatforms) = preSolution
		Debug|Any CPU = Debug|Any CPU
		Release|Any CPU = Release|Any CPU
	EndGlobalSection
	GlobalSection(ProjectConfigurationPlatforms) = postSolution
		{91943C48-0722-4699-ACFB-2AB16EC19F5C}.Debug|Any CPU.ActiveCfg = Debug|Any CPU
		{91943C48-0722-4699-ACFB-2AB16EC19F5C}.Debug|Any CPU.Build.0 = Debug|Any CPU
		{91943C48-0722-4699-ACFB-2AB16EC19F5C}.Release|Any CPU.ActiveCfg = Release|Any CPU
		{91943C48-0722-4699-ACFB-2AB16EC19F5C}.Release|Any CPU.Build.0 = Release|Any CPU
		{2F6257A8-6408-40EA-AB5D-5DB375BD7B6D}.Debug|Any CPU.ActiveCfg = Debug|Any CPU
		{2F6257A8-6408-40EA-AB5D-5DB375BD7B6D}.Debug|Any CPU.Build.0 = Debug|Any CPU
		{2F6257A8-6408-40EA-AB5D-5DB375BD7B6D}.Release|Any CPU.ActiveCfg = Release|Any CPU
		{2F6257A8-6408-40EA-AB5D-5DB375BD7B6D}.Release|Any CPU.Build.0 = Release|Any CPU
		{FAFE60B9-4674-46F7-B730-1CC2AD26264D}.Debug|Any CPU.ActiveCfg = Debug|Any CPU
		{FAFE60B9-4674-46F7-B730-1CC2AD26264D}.Debug|Any CPU.Build.0 = Debug|Any CPU
		{FAFE60B9-4674-46F7-B730-1CC2AD26264D}.Release|Any CPU.ActiveCfg = Release|Any CPU
		{FAFE60B9-4674-46F7-B730-1CC2AD26264D}.Release|Any CPU.Build.0 = Release|Any CPU
		{F257FDDE-E402-4F2B-8C8E-702A184001EB}.Debug|Any CPU.ActiveCfg = Debug|Any CPU
		{F257FDDE-E402-4F2B-8C8E-702A184001EB}.Debug|Any CPU.Build.0 = Debug|Any CPU
		{F257FDDE-E402-4F2B-8C8E-702A184001EB}.Release|Any CPU.ActiveCfg = Release|Any CPU
		{F257FDDE-E402-4F2B-8C8E-702A184001EB}.Release|Any CPU.Build.0 = Release|Any CPU
		{951D2768-F5B0-42E6-BD01-BBFE35B03119}.Debug|Any CPU.ActiveCfg = Debug|Any CPU
		{951D2768-F5B0-42E6-BD01-BBFE35B03119}.Debug|Any CPU.Build.0 = Debug|Any CPU
		{951D2768-F5B0-42E6-BD01-BBFE35B03119}.Release|Any CPU.ActiveCfg = Release|Any CPU
		{951D2768-F5B0-42E6-BD01-BBFE35B03119}.Release|Any CPU.Build.0 = Release|Any CPU
		{C0ADBB65-A0B0-4BD6-B6F7-39C91544E1D0}.Debug|Any CPU.ActiveCfg = Debug|Any CPU
		{C0ADBB65-A0B0-4BD6-B6F7-39C91544E1D0}.Debug|Any CPU.Build.0 = Debug|Any CPU
		{C0ADBB65-A0B0-4BD6-B6F7-39C91544E1D0}.Release|Any CPU.ActiveCfg = Release|Any CPU
		{C0ADBB65-A0B0-4BD6-B6F7-39C91544E1D0}.Release|Any CPU.Build.0 = Release|Any CPU
	EndGlobalSection
	GlobalSection(SolutionProperties) = preSolution
		HideSolutionNode = FALSE
	EndGlobalSection
	GlobalSection(ExtensibilityGlobals) = postSolution
		SolutionGuid = {DCB5F56F-E294-401D-AD7F-68328E8E0988}
	EndGlobalSection
EndGlobal
