
Microsoft Visual Studio Solution File, Format Version 12.00
# Visual Studio 15
VisualStudioVersion = 15.0.26730.16
MinimumVisualStudioVersion = 10.0.40219.1
Project("{FAE04EC0-301F-11D3-BF4B-00C04F79EFBC}") = "01. Square Area", "Simple-Calculations (HM)\01. Square Area.csproj", "{64F92E97-65C0-4D94-A771-A8A61602BCE3}"
EndProject
Project("{FAE04EC0-301F-11D3-BF4B-00C04F79EFBC}") = "02. Inches to Centimeters", "Inches-to-Centimeters\02. Inches to Centimeters.csproj", "{248287A9-BF9F-44D9-A0F6-6511174E7CB0}"
EndProject
Project("{FAE04EC0-301F-11D3-BF4B-00C04F79EFBC}") = "03. Greeting by Name", "Greeting-by-Name\03. Greeting by Name.csproj", "{99864E29-0637-4715-916B-5E064058A78F}"
EndProject
Project("{FAE04EC0-301F-11D3-BF4B-00C04F79EFBC}") = "04. Concatenate Data", "Concatenate-Data\04. Concatenate Data.csproj", "{55034DCE-CDC2-4D41-B4AA-A1DEA16BFF9B}"
EndProject
Project("{FAE04EC0-301F-11D3-BF4B-00C04F79EFBC}") = "05. Trapeziod Area", "Trapezoid-Area\05. Trapeziod Area.csproj", "{75980E1D-32AB-4ECA-B58D-83CAE7131144}"
EndProject
Project("{FAE04EC0-301F-11D3-BF4B-00C04F79EFBC}") = "06. Circle Area and Perimeter", "Circle-Area-and-Perimeter\06. Circle Area and Perimeter.csproj", "{1A1B21F4-8205-4A84-9824-3505697D8A1A}"
EndProject
Project("{FAE04EC0-301F-11D3-BF4B-00C04F79EFBC}") = "07. 2D Rectangle Area", "2D-Rectangle-Area\07. 2D Rectangle Area.csproj", "{D4DEE89F-4CF5-4564-9245-4E42716629CF}"
EndProject
Project("{FAE04EC0-301F-11D3-BF4B-00C04F79EFBC}") = "08. Triangle Area", "Triangle-Area\08. Triangle Area.csproj", "{5055275B-DB3D-45D4-A0BB-08ED8A7176F7}"
EndProject
Project("{FAE04EC0-301F-11D3-BF4B-00C04F79EFBC}") = "09. Celsius to Fahrenheit", "Celsius-to-Fahrenheit\09. Celsius to Fahrenheit.csproj", "{B89EB7A8-06BC-4220-9592-49858095846D}"
EndProject
Project("{FAE04EC0-301F-11D3-BF4B-00C04F79EFBC}") = "10. Radians to Degrees", "Radians-to-Degrees\10. Radians to Degrees.csproj", "{E8AE442A-22B8-448F-A84C-AFFBF8038982}"
EndProject
Project("{FAE04EC0-301F-11D3-BF4B-00C04F79EFBC}") = "11. USD to BGN", "USD-to-BGN\11. USD to BGN.csproj", "{77EE1D23-02E2-4FDB-A59D-1EFA2FE83190}"
EndProject
Project("{FAE04EC0-301F-11D3-BF4B-00C04F79EFBC}") = "13. 1000 Days After Birth", "1000-Days-After-Birth\13. 1000 Days After Birth.csproj", "{10166932-4B90-4BB7-9742-1E6435AC2DA8}"
EndProject
Project("{FAE04EC0-301F-11D3-BF4B-00C04F79EFBC}") = "Money", "Money Money\Money.csproj", "{07C0546A-3038-4F77-902D-BF061AE2383D}"
EndProject
Project("{FAE04EC0-301F-11D3-BF4B-00C04F79EFBC}") = "Daily Earnings", "Daily Earnings\Daily Earnings.csproj", "{AF9BCD3D-25B9-4291-A843-7FD3989E4AA2}"
EndProject
Project("{FAE04EC0-301F-11D3-BF4B-00C04F79EFBC}") = "Fixing Tiles", "Fixing Tiles\Fixing Tiles.csproj", "{0D34BA9E-67EC-4354-AECF-EB45087BCD32}"
EndProject
Project("{FAE04EC0-301F-11D3-BF4B-00C04F79EFBC}") = "Vegetable Market", "VegetableMarket\Vegetable Market.csproj", "{8A687ECE-FFCC-4B34-806F-42B0FBE50B00}"
EndProject
Project("{FAE04EC0-301F-11D3-BF4B-00C04F79EFBC}") = "Classroom", "Classroom\Classroom.csproj", "{028EB319-7F9C-472A-8FD3-41774DBC8A2B}"
EndProject
Global
	GlobalSection(SolutionConfigurationPlatforms) = preSolution
		Debug|Any CPU = Debug|Any CPU
		Release|Any CPU = Release|Any CPU
	EndGlobalSection
	GlobalSection(ProjectConfigurationPlatforms) = postSolution
		{64F92E97-65C0-4D94-A771-A8A61602BCE3}.Debug|Any CPU.ActiveCfg = Debug|Any CPU
		{64F92E97-65C0-4D94-A771-A8A61602BCE3}.Debug|Any CPU.Build.0 = Debug|Any CPU
		{64F92E97-65C0-4D94-A771-A8A61602BCE3}.Release|Any CPU.ActiveCfg = Release|Any CPU
		{64F92E97-65C0-4D94-A771-A8A61602BCE3}.Release|Any CPU.Build.0 = Release|Any CPU
		{248287A9-BF9F-44D9-A0F6-6511174E7CB0}.Debug|Any CPU.ActiveCfg = Debug|Any CPU
		{248287A9-BF9F-44D9-A0F6-6511174E7CB0}.Debug|Any CPU.Build.0 = Debug|Any CPU
		{248287A9-BF9F-44D9-A0F6-6511174E7CB0}.Release|Any CPU.ActiveCfg = Release|Any CPU
		{248287A9-BF9F-44D9-A0F6-6511174E7CB0}.Release|Any CPU.Build.0 = Release|Any CPU
		{99864E29-0637-4715-916B-5E064058A78F}.Debug|Any CPU.ActiveCfg = Debug|Any CPU
		{99864E29-0637-4715-916B-5E064058A78F}.Debug|Any CPU.Build.0 = Debug|Any CPU
		{99864E29-0637-4715-916B-5E064058A78F}.Release|Any CPU.ActiveCfg = Release|Any CPU
		{99864E29-0637-4715-916B-5E064058A78F}.Release|Any CPU.Build.0 = Release|Any CPU
		{55034DCE-CDC2-4D41-B4AA-A1DEA16BFF9B}.Debug|Any CPU.ActiveCfg = Debug|Any CPU
		{55034DCE-CDC2-4D41-B4AA-A1DEA16BFF9B}.Debug|Any CPU.Build.0 = Debug|Any CPU
		{55034DCE-CDC2-4D41-B4AA-A1DEA16BFF9B}.Release|Any CPU.ActiveCfg = Release|Any CPU
		{55034DCE-CDC2-4D41-B4AA-A1DEA16BFF9B}.Release|Any CPU.Build.0 = Release|Any CPU
		{75980E1D-32AB-4ECA-B58D-83CAE7131144}.Debug|Any CPU.ActiveCfg = Debug|Any CPU
		{75980E1D-32AB-4ECA-B58D-83CAE7131144}.Debug|Any CPU.Build.0 = Debug|Any CPU
		{75980E1D-32AB-4ECA-B58D-83CAE7131144}.Release|Any CPU.ActiveCfg = Release|Any CPU
		{75980E1D-32AB-4ECA-B58D-83CAE7131144}.Release|Any CPU.Build.0 = Release|Any CPU
		{1A1B21F4-8205-4A84-9824-3505697D8A1A}.Debug|Any CPU.ActiveCfg = Debug|Any CPU
		{1A1B21F4-8205-4A84-9824-3505697D8A1A}.Debug|Any CPU.Build.0 = Debug|Any CPU
		{1A1B21F4-8205-4A84-9824-3505697D8A1A}.Release|Any CPU.ActiveCfg = Release|Any CPU
		{1A1B21F4-8205-4A84-9824-3505697D8A1A}.Release|Any CPU.Build.0 = Release|Any CPU
		{D4DEE89F-4CF5-4564-9245-4E42716629CF}.Debug|Any CPU.ActiveCfg = Debug|Any CPU
		{D4DEE89F-4CF5-4564-9245-4E42716629CF}.Debug|Any CPU.Build.0 = Debug|Any CPU
		{D4DEE89F-4CF5-4564-9245-4E42716629CF}.Release|Any CPU.ActiveCfg = Release|Any CPU
		{D4DEE89F-4CF5-4564-9245-4E42716629CF}.Release|Any CPU.Build.0 = Release|Any CPU
		{5055275B-DB3D-45D4-A0BB-08ED8A7176F7}.Debug|Any CPU.ActiveCfg = Debug|Any CPU
		{5055275B-DB3D-45D4-A0BB-08ED8A7176F7}.Debug|Any CPU.Build.0 = Debug|Any CPU
		{5055275B-DB3D-45D4-A0BB-08ED8A7176F7}.Release|Any CPU.ActiveCfg = Release|Any CPU
		{5055275B-DB3D-45D4-A0BB-08ED8A7176F7}.Release|Any CPU.Build.0 = Release|Any CPU
		{B89EB7A8-06BC-4220-9592-49858095846D}.Debug|Any CPU.ActiveCfg = Debug|Any CPU
		{B89EB7A8-06BC-4220-9592-49858095846D}.Debug|Any CPU.Build.0 = Debug|Any CPU
		{B89EB7A8-06BC-4220-9592-49858095846D}.Release|Any CPU.ActiveCfg = Release|Any CPU
		{B89EB7A8-06BC-4220-9592-49858095846D}.Release|Any CPU.Build.0 = Release|Any CPU
		{E8AE442A-22B8-448F-A84C-AFFBF8038982}.Debug|Any CPU.ActiveCfg = Debug|Any CPU
		{E8AE442A-22B8-448F-A84C-AFFBF8038982}.Debug|Any CPU.Build.0 = Debug|Any CPU
		{E8AE442A-22B8-448F-A84C-AFFBF8038982}.Release|Any CPU.ActiveCfg = Release|Any CPU
		{E8AE442A-22B8-448F-A84C-AFFBF8038982}.Release|Any CPU.Build.0 = Release|Any CPU
		{77EE1D23-02E2-4FDB-A59D-1EFA2FE83190}.Debug|Any CPU.ActiveCfg = Debug|Any CPU
		{77EE1D23-02E2-4FDB-A59D-1EFA2FE83190}.Debug|Any CPU.Build.0 = Debug|Any CPU
		{77EE1D23-02E2-4FDB-A59D-1EFA2FE83190}.Release|Any CPU.ActiveCfg = Release|Any CPU
		{77EE1D23-02E2-4FDB-A59D-1EFA2FE83190}.Release|Any CPU.Build.0 = Release|Any CPU
		{10166932-4B90-4BB7-9742-1E6435AC2DA8}.Debug|Any CPU.ActiveCfg = Debug|Any CPU
		{10166932-4B90-4BB7-9742-1E6435AC2DA8}.Debug|Any CPU.Build.0 = Debug|Any CPU
		{10166932-4B90-4BB7-9742-1E6435AC2DA8}.Release|Any CPU.ActiveCfg = Release|Any CPU
		{10166932-4B90-4BB7-9742-1E6435AC2DA8}.Release|Any CPU.Build.0 = Release|Any CPU
		{07C0546A-3038-4F77-902D-BF061AE2383D}.Debug|Any CPU.ActiveCfg = Debug|Any CPU
		{07C0546A-3038-4F77-902D-BF061AE2383D}.Debug|Any CPU.Build.0 = Debug|Any CPU
		{07C0546A-3038-4F77-902D-BF061AE2383D}.Release|Any CPU.ActiveCfg = Release|Any CPU
		{07C0546A-3038-4F77-902D-BF061AE2383D}.Release|Any CPU.Build.0 = Release|Any CPU
		{AF9BCD3D-25B9-4291-A843-7FD3989E4AA2}.Debug|Any CPU.ActiveCfg = Debug|Any CPU
		{AF9BCD3D-25B9-4291-A843-7FD3989E4AA2}.Debug|Any CPU.Build.0 = Debug|Any CPU
		{AF9BCD3D-25B9-4291-A843-7FD3989E4AA2}.Release|Any CPU.ActiveCfg = Release|Any CPU
		{AF9BCD3D-25B9-4291-A843-7FD3989E4AA2}.Release|Any CPU.Build.0 = Release|Any CPU
		{0D34BA9E-67EC-4354-AECF-EB45087BCD32}.Debug|Any CPU.ActiveCfg = Debug|Any CPU
		{0D34BA9E-67EC-4354-AECF-EB45087BCD32}.Debug|Any CPU.Build.0 = Debug|Any CPU
		{0D34BA9E-67EC-4354-AECF-EB45087BCD32}.Release|Any CPU.ActiveCfg = Release|Any CPU
		{0D34BA9E-67EC-4354-AECF-EB45087BCD32}.Release|Any CPU.Build.0 = Release|Any CPU
		{8A687ECE-FFCC-4B34-806F-42B0FBE50B00}.Debug|Any CPU.ActiveCfg = Debug|Any CPU
		{8A687ECE-FFCC-4B34-806F-42B0FBE50B00}.Debug|Any CPU.Build.0 = Debug|Any CPU
		{8A687ECE-FFCC-4B34-806F-42B0FBE50B00}.Release|Any CPU.ActiveCfg = Release|Any CPU
		{8A687ECE-FFCC-4B34-806F-42B0FBE50B00}.Release|Any CPU.Build.0 = Release|Any CPU
		{028EB319-7F9C-472A-8FD3-41774DBC8A2B}.Debug|Any CPU.ActiveCfg = Debug|Any CPU
		{028EB319-7F9C-472A-8FD3-41774DBC8A2B}.Debug|Any CPU.Build.0 = Debug|Any CPU
		{028EB319-7F9C-472A-8FD3-41774DBC8A2B}.Release|Any CPU.ActiveCfg = Release|Any CPU
		{028EB319-7F9C-472A-8FD3-41774DBC8A2B}.Release|Any CPU.Build.0 = Release|Any CPU
	EndGlobalSection
	GlobalSection(SolutionProperties) = preSolution
		HideSolutionNode = FALSE
	EndGlobalSection
	GlobalSection(ExtensibilityGlobals) = postSolution
		SolutionGuid = {A9E42E56-6A54-462F-951B-BF911D2EC890}
	EndGlobalSection
EndGlobal
