
Microsoft Visual Studio Solution File, Format Version 12.00
# Visual Studio 15
VisualStudioVersion = 15.0.26730.16
MinimumVisualStudioVersion = 10.0.40219.1
Project("{9092AA53-FB77-4645-B42D-1CCCA6BD08BD}") = "1. FixingTiles", "1. FixingTiles\1. FixingTiles.njsproj", "{2E03F1FE-8C97-4187-8E38-6081DDD241FD}"
EndProject
Project("{9092AA53-FB77-4645-B42D-1CCCA6BD08BD}") = "2. Sleepy Tom Cat", "2. Sleepy Tom Cat\2. Sleepy Tom Cat.njsproj", "{8C14A48B-9E0C-4AA8-8556-620F138FC97C}"
EndProject
Project("{9092AA53-FB77-4645-B42D-1CCCA6BD08BD}") = "3. Operation Between Numbers", "3. Operation Between Numbers\3. Operation Between Numbers.njsproj", "{C7193FE7-EE5C-4A9D-932B-27146F36D887}"
EndProject
Project("{9092AA53-FB77-4645-B42D-1CCCA6BD08BD}") = "4. Clever Lilly", "4. Clever Lilly\4. Clever Lilly.njsproj", "{BD30FF8C-79E5-4816-8D0F-38C9F188B126}"
EndProject
Project("{9092AA53-FB77-4645-B42D-1CCCA6BD08BD}") = "5. Stop", "5. Stop\5. Stop.njsproj", "{AF05B10B-55BB-474E-A028-24FAD68622B7}"
EndProject
Project("{9092AA53-FB77-4645-B42D-1CCCA6BD08BD}") = "6. Special Numbers", "6. Special Numbers\6. Special Numbers.njsproj", "{5E3AB297-B8A1-4AF7-BBA6-1BE17BFDA800}"
EndProject
Global
	GlobalSection(SolutionConfigurationPlatforms) = preSolution
		Debug|Any CPU = Debug|Any CPU
		Release|Any CPU = Release|Any CPU
	EndGlobalSection
	GlobalSection(ProjectConfigurationPlatforms) = postSolution
		{2E03F1FE-8C97-4187-8E38-6081DDD241FD}.Debug|Any CPU.ActiveCfg = Debug|Any CPU
		{2E03F1FE-8C97-4187-8E38-6081DDD241FD}.Debug|Any CPU.Build.0 = Debug|Any CPU
		{2E03F1FE-8C97-4187-8E38-6081DDD241FD}.Release|Any CPU.ActiveCfg = Release|Any CPU
		{2E03F1FE-8C97-4187-8E38-6081DDD241FD}.Release|Any CPU.Build.0 = Release|Any CPU
		{8C14A48B-9E0C-4AA8-8556-620F138FC97C}.Debug|Any CPU.ActiveCfg = Debug|Any CPU
		{8C14A48B-9E0C-4AA8-8556-620F138FC97C}.Debug|Any CPU.Build.0 = Debug|Any CPU
		{8C14A48B-9E0C-4AA8-8556-620F138FC97C}.Release|Any CPU.ActiveCfg = Release|Any CPU
		{8C14A48B-9E0C-4AA8-8556-620F138FC97C}.Release|Any CPU.Build.0 = Release|Any CPU
		{C7193FE7-EE5C-4A9D-932B-27146F36D887}.Debug|Any CPU.ActiveCfg = Debug|Any CPU
		{C7193FE7-EE5C-4A9D-932B-27146F36D887}.Debug|Any CPU.Build.0 = Debug|Any CPU
		{C7193FE7-EE5C-4A9D-932B-27146F36D887}.Release|Any CPU.ActiveCfg = Release|Any CPU
		{C7193FE7-EE5C-4A9D-932B-27146F36D887}.Release|Any CPU.Build.0 = Release|Any CPU
		{BD30FF8C-79E5-4816-8D0F-38C9F188B126}.Debug|Any CPU.ActiveCfg = Debug|Any CPU
		{BD30FF8C-79E5-4816-8D0F-38C9F188B126}.Debug|Any CPU.Build.0 = Debug|Any CPU
		{BD30FF8C-79E5-4816-8D0F-38C9F188B126}.Release|Any CPU.ActiveCfg = Release|Any CPU
		{BD30FF8C-79E5-4816-8D0F-38C9F188B126}.Release|Any CPU.Build.0 = Release|Any CPU
		{AF05B10B-55BB-474E-A028-24FAD68622B7}.Debug|Any CPU.ActiveCfg = Debug|Any CPU
		{AF05B10B-55BB-474E-A028-24FAD68622B7}.Debug|Any CPU.Build.0 = Debug|Any CPU
		{AF05B10B-55BB-474E-A028-24FAD68622B7}.Release|Any CPU.ActiveCfg = Release|Any CPU
		{AF05B10B-55BB-474E-A028-24FAD68622B7}.Release|Any CPU.Build.0 = Release|Any CPU
		{5E3AB297-B8A1-4AF7-BBA6-1BE17BFDA800}.Debug|Any CPU.ActiveCfg = Debug|Any CPU
		{5E3AB297-B8A1-4AF7-BBA6-1BE17BFDA800}.Debug|Any CPU.Build.0 = Debug|Any CPU
		{5E3AB297-B8A1-4AF7-BBA6-1BE17BFDA800}.Release|Any CPU.ActiveCfg = Release|Any CPU
		{5E3AB297-B8A1-4AF7-BBA6-1BE17BFDA800}.Release|Any CPU.Build.0 = Release|Any CPU
	EndGlobalSection
	GlobalSection(SolutionProperties) = preSolution
		HideSolutionNode = FALSE
	EndGlobalSection
	GlobalSection(ExtensibilityGlobals) = postSolution
		SolutionGuid = {AF2D7BD8-F363-4784-A653-AF83D0F5884E}
	EndGlobalSection
EndGlobal
