
Microsoft Visual Studio Solution File, Format Version 12.00
# Visual Studio 15
VisualStudioVersion = 15.0.27703.2000
MinimumVisualStudioVersion = 10.0.40219.1
Project("{9A19103F-16F7-4668-BE54-9A1E7A4F7556}") = "04. Variable in Hex Format", "04. Variable in Hex Format\04. Variable in Hex Format.csproj", "{2A2B5BA5-298F-4D43-B236-89CA2A7DCF41}"
EndProject
Project("{9A19103F-16F7-4668-BE54-9A1E7A4F7556}") = "07. Exchange Variable Values", "07. Exchange Variable Values\07. Exchange Variable Values.csproj", "{8350BD94-27E5-4876-BA7D-861D0031BB1F}"
EndProject
Project("{9A19103F-16F7-4668-BE54-9A1E7A4F7556}") = "10. Centuries to Nanoseconds", "10. Centuries to Nanoseconds\10. Centuries to Nanoseconds.csproj", "{4EAA9B9D-8B6D-4618-A6E2-CB5720E9946D}"
EndProject
Project("{9A19103F-16F7-4668-BE54-9A1E7A4F7556}") = "14. Integer to Hex and Binary", "14. Integer to Hex and Binary\14. Integer to Hex and Binary.csproj", "{D9383696-8A38-440C-BF4B-335621ADB8B1}"
EndProject
Project("{9A19103F-16F7-4668-BE54-9A1E7A4F7556}") = "16. Comparing floats", "16. Comparing floats\16. Comparing floats.csproj", "{8638C848-585B-484E-B0BD-B3221D78A1AA}"
EndProject
Project("{9A19103F-16F7-4668-BE54-9A1E7A4F7556}") = "18. Different Integers Size", "18. Different Integers Size\18. Different Integers Size.csproj", "{3DF65205-9109-4985-8304-B1309291245D}"
EndProject
Project("{9A19103F-16F7-4668-BE54-9A1E7A4F7556}") = "01. Practice Integers", "01. Practice Integers\01. Practice Integers.csproj", "{EE80E68D-72C5-4ED9-B6BB-2F020CD9487E}"
EndProject
Project("{9A19103F-16F7-4668-BE54-9A1E7A4F7556}") = "02. Practice Floating Points", "02. Practice Floating Points\02. Practice Floating Points.csproj", "{1074AB01-3AA9-4D23-9163-9B7281599A41}"
EndProject
Project("{9A19103F-16F7-4668-BE54-9A1E7A4F7556}") = "03. Practice Chars And Strings", "03. Practice Chars And Strings\03. Practice Chars And Strings.csproj", "{B2408CC4-4E12-4B78-85C8-2A3C4B2E7EBB}"
EndProject
Project("{9A19103F-16F7-4668-BE54-9A1E7A4F7556}") = "05. Boolean Variable", "05. Boolean Variable\05. Boolean Variable.csproj", "{19E1C2C8-2F85-42AB-941F-F56273741EBD}"
EndProject
Project("{9A19103F-16F7-4668-BE54-9A1E7A4F7556}") = "06. Strings And Objects", "06. Strings And Objects\06. Strings And Objects.csproj", "{3DBA00F2-D59D-4A4B-B180-8D7438E19B10}"
EndProject
Project("{9A19103F-16F7-4668-BE54-9A1E7A4F7556}") = "08. Employee Data", "08. Employee Data\08. Employee Data.csproj", "{1DFCB401-3425-4F88-A7B6-F14D26C4C892}"
EndProject
Project("{9A19103F-16F7-4668-BE54-9A1E7A4F7556}") = "09. Reversed chars", "09. Reversed chars\09. Reversed chars.csproj", "{54A98829-7021-497C-B2ED-D96C91F7ADEC}"
EndProject
Project("{9A19103F-16F7-4668-BE54-9A1E7A4F7556}") = "11. Convert Speed Units", "11. Convert Speed Units\11. Convert Speed Units.csproj", "{6C9F0F8C-1359-4014-B4EC-8B834E05AA78}"
EndProject
Project("{FAE04EC0-301F-11D3-BF4B-00C04F79EFBC}") = "12. Rectangle Properties", "12. Rectangle Properties\12. Rectangle Properties.csproj", "{72DAE910-F8DA-4ECE-9E79-ED0346019C09}"
EndProject
Project("{FAE04EC0-301F-11D3-BF4B-00C04F79EFBC}") = "13. Vowel or Digit", "13. Vowel or Digit\13. Vowel or Digit.csproj", "{2812171A-0F55-4F2B-8BA7-8E252D7AFFCD}"
EndProject
Project("{FAE04EC0-301F-11D3-BF4B-00C04F79EFBC}") = "15. Fast Prime Checker", "15. Fast Prime Checker\15. Fast Prime Checker.csproj", "{CAF87B06-8BD9-4635-8D02-C2BEB8C893E5}"
EndProject
Project("{FAE04EC0-301F-11D3-BF4B-00C04F79EFBC}") = "17. Print Part Of ASCII Table", "17. Print Part Of ASCII Table\17. Print Part Of ASCII Table.csproj", "{DE2698ED-DDEC-4315-9D8D-FA4F4064509E}"
EndProject
Project("{FAE04EC0-301F-11D3-BF4B-00C04F79EFBC}") = "19. Thea The Photographer", "19. Thea The Photographer\19. Thea The Photographer.csproj", "{542049CA-E044-41AB-B842-0E200F92CF5B}"
EndProject
Global
	GlobalSection(SolutionConfigurationPlatforms) = preSolution
		Debug|Any CPU = Debug|Any CPU
		Release|Any CPU = Release|Any CPU
	EndGlobalSection
	GlobalSection(ProjectConfigurationPlatforms) = postSolution
		{2A2B5BA5-298F-4D43-B236-89CA2A7DCF41}.Debug|Any CPU.ActiveCfg = Debug|Any CPU
		{2A2B5BA5-298F-4D43-B236-89CA2A7DCF41}.Debug|Any CPU.Build.0 = Debug|Any CPU
		{2A2B5BA5-298F-4D43-B236-89CA2A7DCF41}.Release|Any CPU.ActiveCfg = Release|Any CPU
		{2A2B5BA5-298F-4D43-B236-89CA2A7DCF41}.Release|Any CPU.Build.0 = Release|Any CPU
		{8350BD94-27E5-4876-BA7D-861D0031BB1F}.Debug|Any CPU.ActiveCfg = Debug|Any CPU
		{8350BD94-27E5-4876-BA7D-861D0031BB1F}.Debug|Any CPU.Build.0 = Debug|Any CPU
		{8350BD94-27E5-4876-BA7D-861D0031BB1F}.Release|Any CPU.ActiveCfg = Release|Any CPU
		{8350BD94-27E5-4876-BA7D-861D0031BB1F}.Release|Any CPU.Build.0 = Release|Any CPU
		{4EAA9B9D-8B6D-4618-A6E2-CB5720E9946D}.Debug|Any CPU.ActiveCfg = Debug|Any CPU
		{4EAA9B9D-8B6D-4618-A6E2-CB5720E9946D}.Debug|Any CPU.Build.0 = Debug|Any CPU
		{4EAA9B9D-8B6D-4618-A6E2-CB5720E9946D}.Release|Any CPU.ActiveCfg = Release|Any CPU
		{4EAA9B9D-8B6D-4618-A6E2-CB5720E9946D}.Release|Any CPU.Build.0 = Release|Any CPU
		{D9383696-8A38-440C-BF4B-335621ADB8B1}.Debug|Any CPU.ActiveCfg = Debug|Any CPU
		{D9383696-8A38-440C-BF4B-335621ADB8B1}.Debug|Any CPU.Build.0 = Debug|Any CPU
		{D9383696-8A38-440C-BF4B-335621ADB8B1}.Release|Any CPU.ActiveCfg = Release|Any CPU
		{D9383696-8A38-440C-BF4B-335621ADB8B1}.Release|Any CPU.Build.0 = Release|Any CPU
		{8638C848-585B-484E-B0BD-B3221D78A1AA}.Debug|Any CPU.ActiveCfg = Debug|Any CPU
		{8638C848-585B-484E-B0BD-B3221D78A1AA}.Debug|Any CPU.Build.0 = Debug|Any CPU
		{8638C848-585B-484E-B0BD-B3221D78A1AA}.Release|Any CPU.ActiveCfg = Release|Any CPU
		{8638C848-585B-484E-B0BD-B3221D78A1AA}.Release|Any CPU.Build.0 = Release|Any CPU
		{3DF65205-9109-4985-8304-B1309291245D}.Debug|Any CPU.ActiveCfg = Debug|Any CPU
		{3DF65205-9109-4985-8304-B1309291245D}.Debug|Any CPU.Build.0 = Debug|Any CPU
		{3DF65205-9109-4985-8304-B1309291245D}.Release|Any CPU.ActiveCfg = Release|Any CPU
		{3DF65205-9109-4985-8304-B1309291245D}.Release|Any CPU.Build.0 = Release|Any CPU
		{EE80E68D-72C5-4ED9-B6BB-2F020CD9487E}.Debug|Any CPU.ActiveCfg = Debug|Any CPU
		{EE80E68D-72C5-4ED9-B6BB-2F020CD9487E}.Debug|Any CPU.Build.0 = Debug|Any CPU
		{EE80E68D-72C5-4ED9-B6BB-2F020CD9487E}.Release|Any CPU.ActiveCfg = Release|Any CPU
		{EE80E68D-72C5-4ED9-B6BB-2F020CD9487E}.Release|Any CPU.Build.0 = Release|Any CPU
		{1074AB01-3AA9-4D23-9163-9B7281599A41}.Debug|Any CPU.ActiveCfg = Debug|Any CPU
		{1074AB01-3AA9-4D23-9163-9B7281599A41}.Debug|Any CPU.Build.0 = Debug|Any CPU
		{1074AB01-3AA9-4D23-9163-9B7281599A41}.Release|Any CPU.ActiveCfg = Release|Any CPU
		{1074AB01-3AA9-4D23-9163-9B7281599A41}.Release|Any CPU.Build.0 = Release|Any CPU
		{B2408CC4-4E12-4B78-85C8-2A3C4B2E7EBB}.Debug|Any CPU.ActiveCfg = Debug|Any CPU
		{B2408CC4-4E12-4B78-85C8-2A3C4B2E7EBB}.Debug|Any CPU.Build.0 = Debug|Any CPU
		{B2408CC4-4E12-4B78-85C8-2A3C4B2E7EBB}.Release|Any CPU.ActiveCfg = Release|Any CPU
		{B2408CC4-4E12-4B78-85C8-2A3C4B2E7EBB}.Release|Any CPU.Build.0 = Release|Any CPU
		{19E1C2C8-2F85-42AB-941F-F56273741EBD}.Debug|Any CPU.ActiveCfg = Debug|Any CPU
		{19E1C2C8-2F85-42AB-941F-F56273741EBD}.Debug|Any CPU.Build.0 = Debug|Any CPU
		{19E1C2C8-2F85-42AB-941F-F56273741EBD}.Release|Any CPU.ActiveCfg = Release|Any CPU
		{19E1C2C8-2F85-42AB-941F-F56273741EBD}.Release|Any CPU.Build.0 = Release|Any CPU
		{3DBA00F2-D59D-4A4B-B180-8D7438E19B10}.Debug|Any CPU.ActiveCfg = Debug|Any CPU
		{3DBA00F2-D59D-4A4B-B180-8D7438E19B10}.Debug|Any CPU.Build.0 = Debug|Any CPU
		{3DBA00F2-D59D-4A4B-B180-8D7438E19B10}.Release|Any CPU.ActiveCfg = Release|Any CPU
		{3DBA00F2-D59D-4A4B-B180-8D7438E19B10}.Release|Any CPU.Build.0 = Release|Any CPU
		{1DFCB401-3425-4F88-A7B6-F14D26C4C892}.Debug|Any CPU.ActiveCfg = Debug|Any CPU
		{1DFCB401-3425-4F88-A7B6-F14D26C4C892}.Debug|Any CPU.Build.0 = Debug|Any CPU
		{1DFCB401-3425-4F88-A7B6-F14D26C4C892}.Release|Any CPU.ActiveCfg = Release|Any CPU
		{1DFCB401-3425-4F88-A7B6-F14D26C4C892}.Release|Any CPU.Build.0 = Release|Any CPU
		{54A98829-7021-497C-B2ED-D96C91F7ADEC}.Debug|Any CPU.ActiveCfg = Debug|Any CPU
		{54A98829-7021-497C-B2ED-D96C91F7ADEC}.Debug|Any CPU.Build.0 = Debug|Any CPU
		{54A98829-7021-497C-B2ED-D96C91F7ADEC}.Release|Any CPU.ActiveCfg = Release|Any CPU
		{54A98829-7021-497C-B2ED-D96C91F7ADEC}.Release|Any CPU.Build.0 = Release|Any CPU
		{6C9F0F8C-1359-4014-B4EC-8B834E05AA78}.Debug|Any CPU.ActiveCfg = Debug|Any CPU
		{6C9F0F8C-1359-4014-B4EC-8B834E05AA78}.Debug|Any CPU.Build.0 = Debug|Any CPU
		{6C9F0F8C-1359-4014-B4EC-8B834E05AA78}.Release|Any CPU.ActiveCfg = Release|Any CPU
		{6C9F0F8C-1359-4014-B4EC-8B834E05AA78}.Release|Any CPU.Build.0 = Release|Any CPU
		{72DAE910-F8DA-4ECE-9E79-ED0346019C09}.Debug|Any CPU.ActiveCfg = Debug|Any CPU
		{72DAE910-F8DA-4ECE-9E79-ED0346019C09}.Debug|Any CPU.Build.0 = Debug|Any CPU
		{72DAE910-F8DA-4ECE-9E79-ED0346019C09}.Release|Any CPU.ActiveCfg = Release|Any CPU
		{72DAE910-F8DA-4ECE-9E79-ED0346019C09}.Release|Any CPU.Build.0 = Release|Any CPU
		{2812171A-0F55-4F2B-8BA7-8E252D7AFFCD}.Debug|Any CPU.ActiveCfg = Debug|Any CPU
		{2812171A-0F55-4F2B-8BA7-8E252D7AFFCD}.Debug|Any CPU.Build.0 = Debug|Any CPU
		{2812171A-0F55-4F2B-8BA7-8E252D7AFFCD}.Release|Any CPU.ActiveCfg = Release|Any CPU
		{2812171A-0F55-4F2B-8BA7-8E252D7AFFCD}.Release|Any CPU.Build.0 = Release|Any CPU
		{CAF87B06-8BD9-4635-8D02-C2BEB8C893E5}.Debug|Any CPU.ActiveCfg = Debug|Any CPU
		{CAF87B06-8BD9-4635-8D02-C2BEB8C893E5}.Debug|Any CPU.Build.0 = Debug|Any CPU
		{CAF87B06-8BD9-4635-8D02-C2BEB8C893E5}.Release|Any CPU.ActiveCfg = Release|Any CPU
		{CAF87B06-8BD9-4635-8D02-C2BEB8C893E5}.Release|Any CPU.Build.0 = Release|Any CPU
		{DE2698ED-DDEC-4315-9D8D-FA4F4064509E}.Debug|Any CPU.ActiveCfg = Debug|Any CPU
		{DE2698ED-DDEC-4315-9D8D-FA4F4064509E}.Debug|Any CPU.Build.0 = Debug|Any CPU
		{DE2698ED-DDEC-4315-9D8D-FA4F4064509E}.Release|Any CPU.ActiveCfg = Release|Any CPU
		{DE2698ED-DDEC-4315-9D8D-FA4F4064509E}.Release|Any CPU.Build.0 = Release|Any CPU
		{542049CA-E044-41AB-B842-0E200F92CF5B}.Debug|Any CPU.ActiveCfg = Debug|Any CPU
		{542049CA-E044-41AB-B842-0E200F92CF5B}.Debug|Any CPU.Build.0 = Debug|Any CPU
		{542049CA-E044-41AB-B842-0E200F92CF5B}.Release|Any CPU.ActiveCfg = Release|Any CPU
		{542049CA-E044-41AB-B842-0E200F92CF5B}.Release|Any CPU.Build.0 = Release|Any CPU
	EndGlobalSection
	GlobalSection(SolutionProperties) = preSolution
		HideSolutionNode = FALSE
	EndGlobalSection
	GlobalSection(ExtensibilityGlobals) = postSolution
		SolutionGuid = {9A0286F8-43AD-4E8C-929E-8AEECC4650A2}
	EndGlobalSection
EndGlobal
