
Microsoft Visual Studio Solution File, Format Version 12.00
# Visual Studio 15
VisualStudioVersion = 15.0.27703.2018
MinimumVisualStudioVersion = 10.0.40219.1
Project("{9A19103F-16F7-4668-BE54-9A1E7A4F7556}") = "01. Padawan Equipment", "01. Padawan Equipment\01. Padawan Equipment.csproj", "{66F6A05B-D661-4255-BB6D-13A701A6C840}"
EndProject
Project("{9A19103F-16F7-4668-BE54-9A1E7A4F7556}") = "02. Kamino Factory", "02. Kamino Factory\02. Kamino Factory.csproj", "{B18108DA-5856-474D-AEDB-9DDB854933CB}"
EndProject
Project("{9A19103F-16F7-4668-BE54-9A1E7A4F7556}") = "03. Star Enigma", "03. Star Enigma\03. Star Enigma.csproj", "{5D0A8BAF-937C-45D4-8200-43E7B7CCD3C6}"
EndProject
Project("{FAE04EC0-301F-11D3-BF4B-00C04F79EFBC}") = "04. ForceBook", "04. ForceBook\04. ForceBook.csproj", "{3C7F859B-B0C3-43A5-8477-D3117CF914C7}"
EndProject
Global
	GlobalSection(SolutionConfigurationPlatforms) = preSolution
		Debug|Any CPU = Debug|Any CPU
		Release|Any CPU = Release|Any CPU
	EndGlobalSection
	GlobalSection(ProjectConfigurationPlatforms) = postSolution
		{66F6A05B-D661-4255-BB6D-13A701A6C840}.Debug|Any CPU.ActiveCfg = Debug|Any CPU
		{66F6A05B-D661-4255-BB6D-13A701A6C840}.Debug|Any CPU.Build.0 = Debug|Any CPU
		{66F6A05B-D661-4255-BB6D-13A701A6C840}.Release|Any CPU.ActiveCfg = Release|Any CPU
		{66F6A05B-D661-4255-BB6D-13A701A6C840}.Release|Any CPU.Build.0 = Release|Any CPU
		{B18108DA-5856-474D-AEDB-9DDB854933CB}.Debug|Any CPU.ActiveCfg = Debug|Any CPU
		{B18108DA-5856-474D-AEDB-9DDB854933CB}.Debug|Any CPU.Build.0 = Debug|Any CPU
		{B18108DA-5856-474D-AEDB-9DDB854933CB}.Release|Any CPU.ActiveCfg = Release|Any CPU
		{B18108DA-5856-474D-AEDB-9DDB854933CB}.Release|Any CPU.Build.0 = Release|Any CPU
		{5D0A8BAF-937C-45D4-8200-43E7B7CCD3C6}.Debug|Any CPU.ActiveCfg = Debug|Any CPU
		{5D0A8BAF-937C-45D4-8200-43E7B7CCD3C6}.Debug|Any CPU.Build.0 = Debug|Any CPU
		{5D0A8BAF-937C-45D4-8200-43E7B7CCD3C6}.Release|Any CPU.ActiveCfg = Release|Any CPU
		{5D0A8BAF-937C-45D4-8200-43E7B7CCD3C6}.Release|Any CPU.Build.0 = Release|Any CPU
		{3C7F859B-B0C3-43A5-8477-D3117CF914C7}.Debug|Any CPU.ActiveCfg = Debug|Any CPU
		{3C7F859B-B0C3-43A5-8477-D3117CF914C7}.Debug|Any CPU.Build.0 = Debug|Any CPU
		{3C7F859B-B0C3-43A5-8477-D3117CF914C7}.Release|Any CPU.ActiveCfg = Release|Any CPU
		{3C7F859B-B0C3-43A5-8477-D3117CF914C7}.Release|Any CPU.Build.0 = Release|Any CPU
	EndGlobalSection
	GlobalSection(SolutionProperties) = preSolution
		HideSolutionNode = FALSE
	EndGlobalSection
	GlobalSection(ExtensibilityGlobals) = postSolution
		SolutionGuid = {4429738A-EB6F-401A-AA99-04CAA0131BF1}
	EndGlobalSection
EndGlobal
