
Microsoft Visual Studio Solution File, Format Version 12.00
# Visual Studio 15
VisualStudioVersion = 15.0.26730.16
MinimumVisualStudioVersion = 10.0.40219.1
Project("{9092AA53-FB77-4645-B42D-1CCCA6BD08BD}") = "01. Personal Titles", "01. Personal Titles\01. Personal Titles.njsproj", "{E473E15F-D17B-4B58-A8F4-0E6F065666F2}"
EndProject
Project("{9092AA53-FB77-4645-B42D-1CCCA6BD08BD}") = "02. Small Shop", "02. Small Shop\02. Small Shop.njsproj", "{13FDFEA4-702E-4B9A-908B-5A7FF77EBD4B}"
EndProject
Project("{9092AA53-FB77-4645-B42D-1CCCA6BD08BD}") = "03. Point in Rectangle", "03. Point in Rectangle\03. Point in Rectangle.njsproj", "{810BB0BB-BDAD-4B65-8EEC-7E4647B6964C}"
EndProject
Project("{9092AA53-FB77-4645-B42D-1CCCA6BD08BD}") = "04. Fruit or Vegetable", "04. Fruit or Vegetable\04. Fruit or Vegetable.njsproj", "{CC1CB849-AC29-4219-AF5E-F231D0E20300}"
EndProject
Project("{9092AA53-FB77-4645-B42D-1CCCA6BD08BD}") = "05. Invalid Number", "05. Invalid Number\05. Invalid Number.njsproj", "{428F235A-EF34-49D0-82C3-50DBF428AB02}"
EndProject
Project("{9092AA53-FB77-4645-B42D-1CCCA6BD08BD}") = "06. Point on Rectangle Border", "06. Point on Rectangle Border\06. Point on Rectangle Border.njsproj", "{21CA6D15-EA85-4041-83DA-8A1C1A612EBA}"
EndProject
Project("{9092AA53-FB77-4645-B42D-1CCCA6BD08BD}") = "07. Fruit Shop", "07. Fruit Shop\07. Fruit Shop.njsproj", "{5B98914D-190F-4E32-A663-99526A2B716D}"
EndProject
Project("{9092AA53-FB77-4645-B42D-1CCCA6BD08BD}") = "08. Trade Comissions", "08. Trade Comissions\08. Trade Comissions.njsproj", "{33868682-637F-41FF-813A-5E5CA6C4C655}"
EndProject
Project("{9092AA53-FB77-4645-B42D-1CCCA6BD08BD}") = "09. Day of Week", "09. Day of Week\09. Day of Week.njsproj", "{03218EF2-5F79-4A96-A3C8-FDCB2F2CB4B0}"
EndProject
Project("{9092AA53-FB77-4645-B42D-1CCCA6BD08BD}") = "10. Animal Type", "10. Animal Type\10. Animal Type.njsproj", "{B54D7475-3714-4AC4-BE5C-7FCC36C9E6D1}"
EndProject
Project("{9092AA53-FB77-4645-B42D-1CCCA6BD08BD}") = "11. Cinema", "11. Cinema\11. Cinema.njsproj", "{857E03C0-4FF5-44B4-8002-E2D08B701446}"
EndProject
Project("{9092AA53-FB77-4645-B42D-1CCCA6BD08BD}") = "12. Volleyball", "12. Volleyball\12. Volleyball.njsproj", "{E1931E3E-F315-4EFD-8DB0-C1440ADE6B50}"
EndProject
Project("{9092AA53-FB77-4645-B42D-1CCCA6BD08BD}") = "13. Point in the Figure", "13. Point in the Figure\13. Point in the Figure.njsproj", "{E04812C2-1600-4DC7-B50D-23A079383F6F}"
EndProject
Project("{9092AA53-FB77-4645-B42D-1CCCA6BD08BD}") = "14. Point-In-Rectangle", "14. Point-In-Rectangle\14. Point-In-Rectangle.njsproj", "{CB7653B4-77AC-4A7C-A44E-665CF81CF8E3}"
EndProject
Project("{9092AA53-FB77-4645-B42D-1CCCA6BD08BD}") = "15. On Time For Exam", "15. On Time For Exam\15. On Time For Exam.njsproj", "{26CEEAC1-BE51-43FD-8612-7480BCC9DF51}"
EndProject
Project("{9092AA53-FB77-4645-B42D-1CCCA6BD08BD}") = "16. Trip", "16. Trip\16. Trip.njsproj", "{E467DC15-3D90-4C3F-A1C4-95158FF72B41}"
EndProject
Project("{9092AA53-FB77-4645-B42D-1CCCA6BD08BD}") = "17. Operation Between Numbers", "17. Operation Between Numbers\17. Operation Between Numbers.njsproj", "{A5FB837F-A89E-4A7A-B2FA-77970BA6204D}"
EndProject
Project("{9092AA53-FB77-4645-B42D-1CCCA6BD08BD}") = "18. Match Tickets", "18. Match Tickets\18. Match Tickets.njsproj", "{EC68DBA0-B79C-4861-B076-EBA220E6CF1E}"
EndProject
Project("{9092AA53-FB77-4645-B42D-1CCCA6BD08BD}") = "19. Hotel Room", "19. Hotel Room\19. Hotel Room.njsproj", "{F3298789-122D-42F1-944F-4945A858AA88}"
EndProject
Global
	GlobalSection(SolutionConfigurationPlatforms) = preSolution
		Debug|Any CPU = Debug|Any CPU
		Release|Any CPU = Release|Any CPU
	EndGlobalSection
	GlobalSection(ProjectConfigurationPlatforms) = postSolution
		{E473E15F-D17B-4B58-A8F4-0E6F065666F2}.Debug|Any CPU.ActiveCfg = Debug|Any CPU
		{E473E15F-D17B-4B58-A8F4-0E6F065666F2}.Debug|Any CPU.Build.0 = Debug|Any CPU
		{E473E15F-D17B-4B58-A8F4-0E6F065666F2}.Release|Any CPU.ActiveCfg = Release|Any CPU
		{E473E15F-D17B-4B58-A8F4-0E6F065666F2}.Release|Any CPU.Build.0 = Release|Any CPU
		{13FDFEA4-702E-4B9A-908B-5A7FF77EBD4B}.Debug|Any CPU.ActiveCfg = Debug|Any CPU
		{13FDFEA4-702E-4B9A-908B-5A7FF77EBD4B}.Debug|Any CPU.Build.0 = Debug|Any CPU
		{13FDFEA4-702E-4B9A-908B-5A7FF77EBD4B}.Release|Any CPU.ActiveCfg = Release|Any CPU
		{13FDFEA4-702E-4B9A-908B-5A7FF77EBD4B}.Release|Any CPU.Build.0 = Release|Any CPU
		{810BB0BB-BDAD-4B65-8EEC-7E4647B6964C}.Debug|Any CPU.ActiveCfg = Debug|Any CPU
		{810BB0BB-BDAD-4B65-8EEC-7E4647B6964C}.Debug|Any CPU.Build.0 = Debug|Any CPU
		{810BB0BB-BDAD-4B65-8EEC-7E4647B6964C}.Release|Any CPU.ActiveCfg = Release|Any CPU
		{810BB0BB-BDAD-4B65-8EEC-7E4647B6964C}.Release|Any CPU.Build.0 = Release|Any CPU
		{CC1CB849-AC29-4219-AF5E-F231D0E20300}.Debug|Any CPU.ActiveCfg = Debug|Any CPU
		{CC1CB849-AC29-4219-AF5E-F231D0E20300}.Debug|Any CPU.Build.0 = Debug|Any CPU
		{CC1CB849-AC29-4219-AF5E-F231D0E20300}.Release|Any CPU.ActiveCfg = Release|Any CPU
		{CC1CB849-AC29-4219-AF5E-F231D0E20300}.Release|Any CPU.Build.0 = Release|Any CPU
		{428F235A-EF34-49D0-82C3-50DBF428AB02}.Debug|Any CPU.ActiveCfg = Debug|Any CPU
		{428F235A-EF34-49D0-82C3-50DBF428AB02}.Debug|Any CPU.Build.0 = Debug|Any CPU
		{428F235A-EF34-49D0-82C3-50DBF428AB02}.Release|Any CPU.ActiveCfg = Release|Any CPU
		{428F235A-EF34-49D0-82C3-50DBF428AB02}.Release|Any CPU.Build.0 = Release|Any CPU
		{21CA6D15-EA85-4041-83DA-8A1C1A612EBA}.Debug|Any CPU.ActiveCfg = Debug|Any CPU
		{21CA6D15-EA85-4041-83DA-8A1C1A612EBA}.Debug|Any CPU.Build.0 = Debug|Any CPU
		{21CA6D15-EA85-4041-83DA-8A1C1A612EBA}.Release|Any CPU.ActiveCfg = Release|Any CPU
		{21CA6D15-EA85-4041-83DA-8A1C1A612EBA}.Release|Any CPU.Build.0 = Release|Any CPU
		{5B98914D-190F-4E32-A663-99526A2B716D}.Debug|Any CPU.ActiveCfg = Debug|Any CPU
		{5B98914D-190F-4E32-A663-99526A2B716D}.Debug|Any CPU.Build.0 = Debug|Any CPU
		{5B98914D-190F-4E32-A663-99526A2B716D}.Release|Any CPU.ActiveCfg = Release|Any CPU
		{5B98914D-190F-4E32-A663-99526A2B716D}.Release|Any CPU.Build.0 = Release|Any CPU
		{33868682-637F-41FF-813A-5E5CA6C4C655}.Debug|Any CPU.ActiveCfg = Debug|Any CPU
		{33868682-637F-41FF-813A-5E5CA6C4C655}.Debug|Any CPU.Build.0 = Debug|Any CPU
		{33868682-637F-41FF-813A-5E5CA6C4C655}.Release|Any CPU.ActiveCfg = Release|Any CPU
		{33868682-637F-41FF-813A-5E5CA6C4C655}.Release|Any CPU.Build.0 = Release|Any CPU
		{03218EF2-5F79-4A96-A3C8-FDCB2F2CB4B0}.Debug|Any CPU.ActiveCfg = Debug|Any CPU
		{03218EF2-5F79-4A96-A3C8-FDCB2F2CB4B0}.Debug|Any CPU.Build.0 = Debug|Any CPU
		{03218EF2-5F79-4A96-A3C8-FDCB2F2CB4B0}.Release|Any CPU.ActiveCfg = Release|Any CPU
		{03218EF2-5F79-4A96-A3C8-FDCB2F2CB4B0}.Release|Any CPU.Build.0 = Release|Any CPU
		{B54D7475-3714-4AC4-BE5C-7FCC36C9E6D1}.Debug|Any CPU.ActiveCfg = Debug|Any CPU
		{B54D7475-3714-4AC4-BE5C-7FCC36C9E6D1}.Debug|Any CPU.Build.0 = Debug|Any CPU
		{B54D7475-3714-4AC4-BE5C-7FCC36C9E6D1}.Release|Any CPU.ActiveCfg = Release|Any CPU
		{B54D7475-3714-4AC4-BE5C-7FCC36C9E6D1}.Release|Any CPU.Build.0 = Release|Any CPU
		{857E03C0-4FF5-44B4-8002-E2D08B701446}.Debug|Any CPU.ActiveCfg = Debug|Any CPU
		{857E03C0-4FF5-44B4-8002-E2D08B701446}.Debug|Any CPU.Build.0 = Debug|Any CPU
		{857E03C0-4FF5-44B4-8002-E2D08B701446}.Release|Any CPU.ActiveCfg = Release|Any CPU
		{857E03C0-4FF5-44B4-8002-E2D08B701446}.Release|Any CPU.Build.0 = Release|Any CPU
		{E1931E3E-F315-4EFD-8DB0-C1440ADE6B50}.Debug|Any CPU.ActiveCfg = Debug|Any CPU
		{E1931E3E-F315-4EFD-8DB0-C1440ADE6B50}.Debug|Any CPU.Build.0 = Debug|Any CPU
		{E1931E3E-F315-4EFD-8DB0-C1440ADE6B50}.Release|Any CPU.ActiveCfg = Release|Any CPU
		{E1931E3E-F315-4EFD-8DB0-C1440ADE6B50}.Release|Any CPU.Build.0 = Release|Any CPU
		{E04812C2-1600-4DC7-B50D-23A079383F6F}.Debug|Any CPU.ActiveCfg = Debug|Any CPU
		{E04812C2-1600-4DC7-B50D-23A079383F6F}.Debug|Any CPU.Build.0 = Debug|Any CPU
		{E04812C2-1600-4DC7-B50D-23A079383F6F}.Release|Any CPU.ActiveCfg = Release|Any CPU
		{E04812C2-1600-4DC7-B50D-23A079383F6F}.Release|Any CPU.Build.0 = Release|Any CPU
		{CB7653B4-77AC-4A7C-A44E-665CF81CF8E3}.Debug|Any CPU.ActiveCfg = Debug|Any CPU
		{CB7653B4-77AC-4A7C-A44E-665CF81CF8E3}.Debug|Any CPU.Build.0 = Debug|Any CPU
		{CB7653B4-77AC-4A7C-A44E-665CF81CF8E3}.Release|Any CPU.ActiveCfg = Release|Any CPU
		{CB7653B4-77AC-4A7C-A44E-665CF81CF8E3}.Release|Any CPU.Build.0 = Release|Any CPU
		{26CEEAC1-BE51-43FD-8612-7480BCC9DF51}.Debug|Any CPU.ActiveCfg = Debug|Any CPU
		{26CEEAC1-BE51-43FD-8612-7480BCC9DF51}.Debug|Any CPU.Build.0 = Debug|Any CPU
		{26CEEAC1-BE51-43FD-8612-7480BCC9DF51}.Release|Any CPU.ActiveCfg = Release|Any CPU
		{26CEEAC1-BE51-43FD-8612-7480BCC9DF51}.Release|Any CPU.Build.0 = Release|Any CPU
		{E467DC15-3D90-4C3F-A1C4-95158FF72B41}.Debug|Any CPU.ActiveCfg = Debug|Any CPU
		{E467DC15-3D90-4C3F-A1C4-95158FF72B41}.Debug|Any CPU.Build.0 = Debug|Any CPU
		{E467DC15-3D90-4C3F-A1C4-95158FF72B41}.Release|Any CPU.ActiveCfg = Release|Any CPU
		{E467DC15-3D90-4C3F-A1C4-95158FF72B41}.Release|Any CPU.Build.0 = Release|Any CPU
		{A5FB837F-A89E-4A7A-B2FA-77970BA6204D}.Debug|Any CPU.ActiveCfg = Debug|Any CPU
		{A5FB837F-A89E-4A7A-B2FA-77970BA6204D}.Debug|Any CPU.Build.0 = Debug|Any CPU
		{A5FB837F-A89E-4A7A-B2FA-77970BA6204D}.Release|Any CPU.ActiveCfg = Release|Any CPU
		{A5FB837F-A89E-4A7A-B2FA-77970BA6204D}.Release|Any CPU.Build.0 = Release|Any CPU
		{EC68DBA0-B79C-4861-B076-EBA220E6CF1E}.Debug|Any CPU.ActiveCfg = Debug|Any CPU
		{EC68DBA0-B79C-4861-B076-EBA220E6CF1E}.Debug|Any CPU.Build.0 = Debug|Any CPU
		{EC68DBA0-B79C-4861-B076-EBA220E6CF1E}.Release|Any CPU.ActiveCfg = Release|Any CPU
		{EC68DBA0-B79C-4861-B076-EBA220E6CF1E}.Release|Any CPU.Build.0 = Release|Any CPU
		{F3298789-122D-42F1-944F-4945A858AA88}.Debug|Any CPU.ActiveCfg = Debug|Any CPU
		{F3298789-122D-42F1-944F-4945A858AA88}.Debug|Any CPU.Build.0 = Debug|Any CPU
		{F3298789-122D-42F1-944F-4945A858AA88}.Release|Any CPU.ActiveCfg = Release|Any CPU
		{F3298789-122D-42F1-944F-4945A858AA88}.Release|Any CPU.Build.0 = Release|Any CPU
	EndGlobalSection
	GlobalSection(SolutionProperties) = preSolution
		HideSolutionNode = FALSE
	EndGlobalSection
	GlobalSection(ExtensibilityGlobals) = postSolution
		SolutionGuid = {F1DC25DB-AC29-4ECE-98A7-4A36794C62C8}
	EndGlobalSection
EndGlobal
