
Microsoft Visual Studio Solution File, Format Version 12.00
# Visual Studio 15
VisualStudioVersion = 15.0.27703.2018
MinimumVisualStudioVersion = 10.0.40219.1
Project("{FAE04EC0-301F-11D3-BF4B-00C04F79EFBC}") = "1. Sum Matrix Elements", "1. Sum Matrix Elements\1. Sum Matrix Elements.csproj", "{0B36A3C8-BEAD-451A-B9CF-A915BE140772}"
EndProject
Project("{FAE04EC0-301F-11D3-BF4B-00C04F79EFBC}") = "2. Sum Matrix Columns", "2. Sum Matrix Columns\2. Sum Matrix Columns.csproj", "{C2ECDB45-CF72-4611-A946-B6A0E0816B18}"
EndProject
Project("{FAE04EC0-301F-11D3-BF4B-00C04F79EFBC}") = "3. Primary Diagonal", "3. Primary Diagonal\3. Primary Diagonal.csproj", "{BF6BF316-DCF8-4EA5-BEC0-6254EFC7D860}"
EndProject
Project("{FAE04EC0-301F-11D3-BF4B-00C04F79EFBC}") = "4. Symbol in Matrix", "4. Symbol in Matrix\4. Symbol in Matrix.csproj", "{4DDC9879-A252-47C5-9337-9A67FD545E0D}"
EndProject
Project("{FAE04EC0-301F-11D3-BF4B-00C04F79EFBC}") = "5. Square With Maximum Sum", "5. Square With Maximum Sum\5. Square With Maximum Sum.csproj", "{C2346EDB-F9CD-438B-ABB4-DBF1FDBE68DF}"
EndProject
Project("{FAE04EC0-301F-11D3-BF4B-00C04F79EFBC}") = "6. Jagged-Array Modification", "6. Jagged-Array Modification\6. Jagged-Array Modification.csproj", "{567B31F4-46DC-40EE-87D7-E1A2DE3CE7DE}"
EndProject
Project("{FAE04EC0-301F-11D3-BF4B-00C04F79EFBC}") = "7. Group Numbers", "7. Group Numbers\7. Group Numbers.csproj", "{79F54D4D-02E6-47E5-9433-162BAE662D7B}"
EndProject
Project("{FAE04EC0-301F-11D3-BF4B-00C04F79EFBC}") = "8. Pascal Triangle", "8. Pascal Triangle\8. Pascal Triangle.csproj", "{F8CC4496-FEDF-4887-B2EF-5FF65FDF67D4}"
EndProject
Global
	GlobalSection(SolutionConfigurationPlatforms) = preSolution
		Debug|Any CPU = Debug|Any CPU
		Release|Any CPU = Release|Any CPU
	EndGlobalSection
	GlobalSection(ProjectConfigurationPlatforms) = postSolution
		{0B36A3C8-BEAD-451A-B9CF-A915BE140772}.Debug|Any CPU.ActiveCfg = Debug|Any CPU
		{0B36A3C8-BEAD-451A-B9CF-A915BE140772}.Debug|Any CPU.Build.0 = Debug|Any CPU
		{0B36A3C8-BEAD-451A-B9CF-A915BE140772}.Release|Any CPU.ActiveCfg = Release|Any CPU
		{0B36A3C8-BEAD-451A-B9CF-A915BE140772}.Release|Any CPU.Build.0 = Release|Any CPU
		{C2ECDB45-CF72-4611-A946-B6A0E0816B18}.Debug|Any CPU.ActiveCfg = Debug|Any CPU
		{C2ECDB45-CF72-4611-A946-B6A0E0816B18}.Debug|Any CPU.Build.0 = Debug|Any CPU
		{C2ECDB45-CF72-4611-A946-B6A0E0816B18}.Release|Any CPU.ActiveCfg = Release|Any CPU
		{C2ECDB45-CF72-4611-A946-B6A0E0816B18}.Release|Any CPU.Build.0 = Release|Any CPU
		{BF6BF316-DCF8-4EA5-BEC0-6254EFC7D860}.Debug|Any CPU.ActiveCfg = Debug|Any CPU
		{BF6BF316-DCF8-4EA5-BEC0-6254EFC7D860}.Debug|Any CPU.Build.0 = Debug|Any CPU
		{BF6BF316-DCF8-4EA5-BEC0-6254EFC7D860}.Release|Any CPU.ActiveCfg = Release|Any CPU
		{BF6BF316-DCF8-4EA5-BEC0-6254EFC7D860}.Release|Any CPU.Build.0 = Release|Any CPU
		{4DDC9879-A252-47C5-9337-9A67FD545E0D}.Debug|Any CPU.ActiveCfg = Debug|Any CPU
		{4DDC9879-A252-47C5-9337-9A67FD545E0D}.Debug|Any CPU.Build.0 = Debug|Any CPU
		{4DDC9879-A252-47C5-9337-9A67FD545E0D}.Release|Any CPU.ActiveCfg = Release|Any CPU
		{4DDC9879-A252-47C5-9337-9A67FD545E0D}.Release|Any CPU.Build.0 = Release|Any CPU
		{C2346EDB-F9CD-438B-ABB4-DBF1FDBE68DF}.Debug|Any CPU.ActiveCfg = Debug|Any CPU
		{C2346EDB-F9CD-438B-ABB4-DBF1FDBE68DF}.Debug|Any CPU.Build.0 = Debug|Any CPU
		{C2346EDB-F9CD-438B-ABB4-DBF1FDBE68DF}.Release|Any CPU.ActiveCfg = Release|Any CPU
		{C2346EDB-F9CD-438B-ABB4-DBF1FDBE68DF}.Release|Any CPU.Build.0 = Release|Any CPU
		{567B31F4-46DC-40EE-87D7-E1A2DE3CE7DE}.Debug|Any CPU.ActiveCfg = Debug|Any CPU
		{567B31F4-46DC-40EE-87D7-E1A2DE3CE7DE}.Debug|Any CPU.Build.0 = Debug|Any CPU
		{567B31F4-46DC-40EE-87D7-E1A2DE3CE7DE}.Release|Any CPU.ActiveCfg = Release|Any CPU
		{567B31F4-46DC-40EE-87D7-E1A2DE3CE7DE}.Release|Any CPU.Build.0 = Release|Any CPU
		{79F54D4D-02E6-47E5-9433-162BAE662D7B}.Debug|Any CPU.ActiveCfg = Debug|Any CPU
		{79F54D4D-02E6-47E5-9433-162BAE662D7B}.Debug|Any CPU.Build.0 = Debug|Any CPU
		{79F54D4D-02E6-47E5-9433-162BAE662D7B}.Release|Any CPU.ActiveCfg = Release|Any CPU
		{79F54D4D-02E6-47E5-9433-162BAE662D7B}.Release|Any CPU.Build.0 = Release|Any CPU
		{F8CC4496-FEDF-4887-B2EF-5FF65FDF67D4}.Debug|Any CPU.ActiveCfg = Debug|Any CPU
		{F8CC4496-FEDF-4887-B2EF-5FF65FDF67D4}.Debug|Any CPU.Build.0 = Debug|Any CPU
		{F8CC4496-FEDF-4887-B2EF-5FF65FDF67D4}.Release|Any CPU.ActiveCfg = Release|Any CPU
		{F8CC4496-FEDF-4887-B2EF-5FF65FDF67D4}.Release|Any CPU.Build.0 = Release|Any CPU
	EndGlobalSection
	GlobalSection(SolutionProperties) = preSolution
		HideSolutionNode = FALSE
	EndGlobalSection
	GlobalSection(ExtensibilityGlobals) = postSolution
		SolutionGuid = {8F1FAC98-55C2-4EFA-B0FB-220B6D73B69C}
	EndGlobalSection
EndGlobal
