
Microsoft Visual Studio Solution File, Format Version 12.00
# Visual Studio 15
VisualStudioVersion = 15.0.27703.2018
MinimumVisualStudioVersion = 10.0.40219.1
Project("{FAE04EC0-301F-11D3-BF4B-00C04F79EFBC}") = "To Do List", "To Do List\To Do List.csproj", "{7D0048A9-B3F7-4CDE-B81D-EA805420129E}"
EndProject
Global
	GlobalSection(SolutionConfigurationPlatforms) = preSolution
		Debug|Any CPU = Debug|Any CPU
		Release|Any CPU = Release|Any CPU
	EndGlobalSection
	GlobalSection(ProjectConfigurationPlatforms) = postSolution
		{7D0048A9-B3F7-4CDE-B81D-EA805420129E}.Debug|Any CPU.ActiveCfg = Debug|Any CPU
		{7D0048A9-B3F7-4CDE-B81D-EA805420129E}.Debug|Any CPU.Build.0 = Debug|Any CPU
		{7D0048A9-B3F7-4CDE-B81D-EA805420129E}.Release|Any CPU.ActiveCfg = Release|Any CPU
		{7D0048A9-B3F7-4CDE-B81D-EA805420129E}.Release|Any CPU.Build.0 = Release|Any CPU
	EndGlobalSection
	GlobalSection(SolutionProperties) = preSolution
		HideSolutionNode = FALSE
	EndGlobalSection
	GlobalSection(ExtensibilityGlobals) = postSolution
		SolutionGuid = {FFDC8026-542E-42D1-AA7A-31C0C67A2DA9}
	EndGlobalSection
EndGlobal
